
Microsoft Visual Studio Solution File, Format Version 12.00
# Visual Studio Version 17
VisualStudioVersion = 17.1.32407.343
MinimumVisualStudioVersion = 10.0.40219.1
Project("{8BC9CEB8-8B4A-11D0-8D11-00A0C91BC942}") = "4.25 4", "4.25 4\4.25 4.vcxproj", "{23B990EE-CF72-48CA-8EEF-B7848D967FBD}"
EndProject
Global
	GlobalSection(SolutionConfigurationPlatforms) = preSolution
		Debug|x64 = Debug|x64
		Debug|x86 = Debug|x86
		Release|x64 = Release|x64
		Release|x86 = Release|x86
	EndGlobalSection
	GlobalSection(ProjectConfigurationPlatforms) = postSolution
		{23B990EE-CF72-48CA-8EEF-B7848D967FBD}.Debug|x64.ActiveCfg = Debug|x64
		{23B990EE-CF72-48CA-8EEF-B7848D967FBD}.Debug|x64.Build.0 = Debug|x64
		{23B990EE-CF72-48CA-8EEF-B7848D967FBD}.Debug|x86.ActiveCfg = Debug|Win32
		{23B990EE-CF72-48CA-8EEF-B7848D967FBD}.Debug|x86.Build.0 = Debug|Win32
		{23B990EE-CF72-48CA-8EEF-B7848D967FBD}.Release|x64.ActiveCfg = Release|x64
		{23B990EE-CF72-48CA-8EEF-B7848D967FBD}.Release|x64.Build.0 = Release|x64
		{23B990EE-CF72-48CA-8EEF-B7848D967FBD}.Release|x86.ActiveCfg = Release|Win32
		{23B990EE-CF72-48CA-8EEF-B7848D967FBD}.Release|x86.Build.0 = Release|Win32
	EndGlobalSection
	GlobalSection(SolutionProperties) = preSolution
		HideSolutionNode = FALSE
	EndGlobalSection
	GlobalSection(ExtensibilityGlobals) = postSolution
		SolutionGuid = {C6E10A3F-0A60-41E6-B45B-BC5770C9017D}
	EndGlobalSection
EndGlobal
